
Microsoft Visual Studio Solution File, Format Version 12.00
# Visual Studio Version 17
VisualStudioVersion = 17.2.32630.192
MinimumVisualStudioVersion = 10.0.40219.1
Project("{8BC9CEB8-8B4A-11D0-8D11-00A0C91BC942}") = "MazeGame", "MazeGame\MazeGame.vcxproj", "{9C448844-FE09-46D5-A6EA-089E9D68F20D}"
EndProject
Project("{8BC9CEB8-8B4A-11D0-8D11-00A0C91BC942}") = "LevelEditor", "LevelEditor\LevelEditor.vcxproj", "{29082EE4-122F-455D-84AE-3410F4698269}"
EndProject
Global
	GlobalSection(SolutionConfigurationPlatforms) = preSolution
		Debug|x64 = Debug|x64
		Debug|x86 = Debug|x86
		Release|x64 = Release|x64
		Release|x86 = Release|x86
	EndGlobalSection
	GlobalSection(ProjectConfigurationPlatforms) = postSolution
		{9C448844-FE09-46D5-A6EA-089E9D68F20D}.Debug|x64.ActiveCfg = Debug|x64
		{9C448844-FE09-46D5-A6EA-089E9D68F20D}.Debug|x64.Build.0 = Debug|x64
		{9C448844-FE09-46D5-A6EA-089E9D68F20D}.Debug|x86.ActiveCfg = Debug|Win32
		{9C448844-FE09-46D5-A6EA-089E9D68F20D}.Debug|x86.Build.0 = Debug|Win32
		{9C448844-FE09-46D5-A6EA-089E9D68F20D}.Release|x64.ActiveCfg = Release|x64
		{9C448844-FE09-46D5-A6EA-089E9D68F20D}.Release|x64.Build.0 = Release|x64
		{9C448844-FE09-46D5-A6EA-089E9D68F20D}.Release|x86.ActiveCfg = Release|Win32
		{9C448844-FE09-46D5-A6EA-089E9D68F20D}.Release|x86.Build.0 = Release|Win32
		{29082EE4-122F-455D-84AE-3410F4698269}.Debug|x64.ActiveCfg = Debug|x64
		{29082EE4-122F-455D-84AE-3410F4698269}.Debug|x64.Build.0 = Debug|x64
		{29082EE4-122F-455D-84AE-3410F4698269}.Debug|x86.ActiveCfg = Debug|Win32
		{29082EE4-122F-455D-84AE-3410F4698269}.Debug|x86.Build.0 = Debug|Win32
		{29082EE4-122F-455D-84AE-3410F4698269}.Release|x64.ActiveCfg = Release|x64
		{29082EE4-122F-455D-84AE-3410F4698269}.Release|x64.Build.0 = Release|x64
		{29082EE4-122F-455D-84AE-3410F4698269}.Release|x86.ActiveCfg = Release|Win32
		{29082EE4-122F-455D-84AE-3410F4698269}.Release|x86.Build.0 = Release|Win32
	EndGlobalSection
	GlobalSection(SolutionProperties) = preSolution
		HideSolutionNode = FALSE
	EndGlobalSection
	GlobalSection(ExtensibilityGlobals) = postSolution
		SolutionGuid = {FBB36E41-6F2C-4DF7-BDFB-6DA85CA062E8}
	EndGlobalSection
EndGlobal
